
Microsoft Visual Studio Solution File, Format Version 12.00
# Visual Studio 2012
Project("{8BC9CEB8-8B4A-11D0-8D11-00A0C91BC942}") = "叉积法", "叉积法\叉积法.vcxproj", "{708B0C92-3132-48DB-B1E3-95DA80B3A309}"
EndProject
Global
	GlobalSection(SolutionConfigurationPlatforms) = preSolution
		Debug|Win32 = Debug|Win32
		Release|Win32 = Release|Win32
	EndGlobalSection
	GlobalSection(ProjectConfigurationPlatforms) = postSolution
		{708B0C92-3132-48DB-B1E3-95DA80B3A309}.Debug|Win32.ActiveCfg = Debug|Win32
		{708B0C92-3132-48DB-B1E3-95DA80B3A309}.Debug|Win32.Build.0 = Debug|Win32
		{708B0C92-3132-48DB-B1E3-95DA80B3A309}.Release|Win32.ActiveCfg = Release|Win32
		{708B0C92-3132-48DB-B1E3-95DA80B3A309}.Release|Win32.Build.0 = Release|Win32
	EndGlobalSection
	GlobalSection(SolutionProperties) = preSolution
		HideSolutionNode = FALSE
	EndGlobalSection
EndGlobal
